
Microsoft Visual Studio Solution File, Format Version 12.00
# Visual Studio 15
VisualStudioVersion = 15.0.28307.1758
MinimumVisualStudioVersion = 10.0.40219.1
Project("{FAE04EC0-301F-11D3-BF4B-00C04F79EFBC}") = "ConstantVariable", "ConstantVariable\ConstantVariable.csproj", "{1CBB25A4-F53D-49C3-90FA-8CD0B4D81C96}"
EndProject
Global
	GlobalSection(SolutionConfigurationPlatforms) = preSolution
		Debug|Any CPU = Debug|Any CPU
		Release|Any CPU = Release|Any CPU
	EndGlobalSection
	GlobalSection(ProjectConfigurationPlatforms) = postSolution
		{1CBB25A4-F53D-49C3-90FA-8CD0B4D81C96}.Debug|Any CPU.ActiveCfg = Debug|Any CPU
		{1CBB25A4-F53D-49C3-90FA-8CD0B4D81C96}.Debug|Any CPU.Build.0 = Debug|Any CPU
		{1CBB25A4-F53D-49C3-90FA-8CD0B4D81C96}.Release|Any CPU.ActiveCfg = Release|Any CPU
		{1CBB25A4-F53D-49C3-90FA-8CD0B4D81C96}.Release|Any CPU.Build.0 = Release|Any CPU
	EndGlobalSection
	GlobalSection(SolutionProperties) = preSolution
		HideSolutionNode = FALSE
	EndGlobalSection
	GlobalSection(ExtensibilityGlobals) = postSolution
		SolutionGuid = {5821D8F1-901A-4648-B272-DD7C64416848}
	EndGlobalSection
EndGlobal
